PODS:
  - Alamofire (4.4.0)
  - SwiftHash (1.1.0)
  - SwiftyJSON (3.1.4)

DEPENDENCIES:
  - Alamofire (~> 4.4)
  - SwiftHash (from `https://github.com/onmyway133/SwiftHash`)
  - SwiftyJSON (~> 3.1.4)

EXTERNAL SOURCES:
  SwiftHash:
    :git: https://github.com/onmyway133/SwiftHash

CHECKOUT OPTIONS:
  SwiftHash:
    :commit: bc57c37bc7be27c47641630554dae98b2abc0df1
    :git: https://github.com/onmyway133/SwiftHash

SPEC CHECKSUMS:
  Alamofire: dc44b1600b800eb63da6a19039a0083d62a6a62d
  SwiftHash: 18c0f28ea3ea336742cbe72dc84f60dad562addb
  SwiftyJSON: c2842d878f95482ffceec5709abc3d05680c0220

PODFILE CHECKSUM: 228f55c378cd3c38e4913e1e6357a496288c9165

COCOAPODS: 1.2.1
